// !$*UTF8*$!
{
	archiveVersion = 1;
	classes = {
	};
	objectVersion = 56;
	objects = {

/* Begin PBXBuildFile section */
		919C57D12988321600FBD5EE /* AppDelegate.swift in Sources */ = {isa = PBXBuildFile; fileRef = 919C57D02988321600FBD5EE /* AppDelegate.swift */; };
		919C57D32988321600FBD5EE /* SceneDelegate.swift in Sources */ = {isa = PBXBuildFile; fileRef = 919C57D22988321600FBD5EE /* SceneDelegate.swift */; };
		919C57D52988321600FBD5EE /* ViewController.swift in Sources */ = {isa = PBXBuildFile; fileRef = 919C57D42988321600FBD5EE /* ViewController.swift */; };
		919C57D82988321600FBD5EE /* Main.storyboard in Resources */ = {isa = PBXBuildFile; fileRef = 919C57D62988321600FBD5EE /* Main.storyboard */; };
		919C57DA2988321700FBD5EE /* Assets.xcassets in Resources */ = {isa = PBXBuildFile; fileRef = 919C57D92988321700FBD5EE /* Assets.xcassets */; };
		919C57DD2988321700FBD5EE /* LaunchScreen.storyboard in Resources */ = {isa = PBXBuildFile; fileRef = 919C57DB2988321700FBD5EE /* LaunchScreen.storyboard */; };
		919C57E82988321800FBD5EE /* ConditionsTests.swift in Sources */ = {isa = PBXBuildFile; fileRef = 919C57E72988321800FBD5EE /* ConditionsTests.swift */; };
		919C57F22988321800FBD5EE /* ConditionsUITests.swift in Sources */ = {isa = PBXBuildFile; fileRef = 919C57F12988321800FBD5EE /* ConditionsUITests.swift */; };
		919C57F42988321800FBD5EE /* ConditionsUITestsLaunchTests.swift in Sources */ = {isa = PBXBuildFile; fileRef = 919C57F32988321800FBD5EE /* ConditionsUITestsLaunchTests.swift */; };
/* End PBXBuildFile section */

/* Begin PBXContainerItemProxy section */
		919C57E42988321800FBD5EE /* PBXContainerItemProxy */ = {
			isa = PBXContainerItemProxy;
			containerPortal = 919C57C52988321600FBD5EE /* Project object */;
			proxyType = 1;
			remoteGlobalIDString = 919C57CC2988321600FBD5EE;
			remoteInfo = Conditions;
		};
		919C57EE2988321800FBD5EE /* PBXContainerItemProxy */ = {
			isa = PBXContainerItemProxy;
			containerPortal = 919C57C52988321600FBD5EE /* Project object */;
			proxyType = 1;
			remoteGlobalIDString = 919C57CC2988321600FBD5EE;
			remoteInfo = Conditions;
		};
/* End PBXContainerItemProxy section */

/* Begin PBXFileReference section */
		919C57CD2988321600FBD5EE /* Conditions.app */ = {isa = PBXFileReference; explicitFileType = wrapper.application; includeInIndex = 0; path = Conditions.app; sourceTree = BUILT_PRODUCTS_DIR; };
		919C57D02988321600FBD5EE /* AppDelegate.swift */ = {isa = PBXFileReference; lastKnownFileType = sourcecode.swift; path = AppDelegate.swift; sourceTree = "<group>"; };
		919C57D22988321600FBD5EE /* SceneDelegate.swift */ = {isa = PBXFileReference; lastKnownFileType = sourcecode.swift; path = SceneDelegate.swift; sourceTree = "<group>"; };
		919C57D42988321600FBD5EE /* ViewController.swift */ = {isa = PBXFileReference; lastKnownFileType = sourcecode.swift; path = ViewController.swift; sourceTree = "<group>"; };
		919C57D72988321600FBD5EE /* Base */ = {isa = PBXFileReference; lastKnownFileType = file.storyboard; name = Base; path = Base.lproj/Main.storyboard; sourceTree = "<group>"; };
		919C57D92988321700FBD5EE /* Assets.xcassets */ = {isa = PBXFileReference; lastKnownFileType = folder.assetcatalog; path = Assets.xcassets; sourceTree = "<group>"; };
		919C57DC2988321700FBD5EE /* Base */ = {isa = PBXFileReference; lastKnownFileType = file.storyboard; name = Base; path = Base.lproj/LaunchScreen.storyboard; sourceTree = "<group>"; };
		919C57DE2988321700FBD5EE /* Info.plist */ = {isa = PBXFileReference; lastKnownFileType = text.plist.xml; path = Info.plist; sourceTree = "<group>"; };
		919C57E32988321800FBD5EE /* ConditionsTests.xctest */ = {isa = PBXFileReference; explicitFileType = wrapper.cfbundle; includeInIndex = 0; path = ConditionsTests.xctest; sourceTree = BUILT_PRODUCTS_DIR; };
		919C57E72988321800FBD5EE /* ConditionsTests.swift */ = {isa = PBXFileReference; lastKnownFileType = sourcecode.swift; path = ConditionsTests.swift; sourceTree = "<group>"; };
		919C57ED2988321800FBD5EE /* ConditionsUITests.xctest */ = {isa = PBXFileReference; explicitFileType = wrapper.cfbundle; includeInIndex = 0; path = ConditionsUITests.xctest; sourceTree = BUILT_PRODUCTS_DIR; };
		919C57F12988321800FBD5EE /* ConditionsUITests.swift */ = {isa = PBXFileReference; lastKnownFileType = sourcecode.swift; path = ConditionsUITests.swift; sourceTree = "<group>"; };
		919C57F32988321800FBD5EE /* ConditionsUITestsLaunchTests.swift */ = {isa = PBXFileReference; lastKnownFileType = sourcecode.swift; path = ConditionsUITestsLaunchTests.swift; sourceTree = "<group>"; };
/* End PBXFileReference section */

/* Begin PBXFrameworksBuildPhase section */
		919C57CA2988321600FBD5EE /* Frameworks */ = {
			isa = PBXFrameworksBuildPhase;
			buildActionMask = 2147483647;
			files = (
			);
			runOnlyForDeploymentPostprocessing = 0;
		};
		919C57E02988321800FBD5EE /* Frameworks */ = {
			isa = PBXFrameworksBuildPhase;
			buildActionMask = 2147483647;
			files = (
			);
			runOnlyForDeploymentPostprocessing = 0;
		};
		919C57EA2988321800FBD5EE /* Frameworks */ = {
			isa = PBXFrameworksBuildPhase;
			buildActionMask = 2147483647;
			files = (
			);
			runOnlyForDeploymentPostprocessing = 0;
		};
/* End PBXFrameworksBuildPhase section */

/* Begin PBXGroup section */
		919C57C42988321600FBD5EE = {
			isa = PBXGroup;
			children = (
				919C57CF2988321600FBD5EE /* Conditions */,
				919C57E62988321800FBD5EE /* ConditionsTests */,
				919C57F02988321800FBD5EE /* ConditionsUITests */,
				919C57CE2988321600FBD5EE /* Products */,
			);
			sourceTree = "<group>";
		};
		919C57CE2988321600FBD5EE /* Products */ = {
			isa = PBXGroup;
			children = (
				919C57CD2988321600FBD5EE /* Conditions.app */,
				919C57E32988321800FBD5EE /* ConditionsTests.xctest */,
				919C57ED2988321800FBD5EE /* ConditionsUITests.xctest */,
			);
			name = Products;
			sourceTree = "<group>";
		};
		919C57CF2988321600FBD5EE /* Conditions */ = {
			isa = PBXGroup;
			children = (
				919C57D02988321600FBD5EE /* AppDelegate.swift */,
				919C57D22988321600FBD5EE /* SceneDelegate.swift */,
				919C57D42988321600FBD5EE /* ViewController.swift */,
				919C57D62988321600FBD5EE /* Main.storyboard */,
				919C57D92988321700FBD5EE /* Assets.xcassets */,
				919C57DB2988321700FBD5EE /* LaunchScreen.storyboard */,
				919C57DE2988321700FBD5EE /* Info.plist */,
			);
			path = Conditions;
			sourceTree = "<group>";
		};
		919C57E62988321800FBD5EE /* ConditionsTests */ = {
			isa = PBXGroup;
			children = (
				919C57E72988321800FBD5EE /* ConditionsTests.swift */,
			);
			path = ConditionsTests;
			sourceTree = "<group>";
		};
		919C57F02988321800FBD5EE /* ConditionsUITests */ = {
			isa = PBXGroup;
			children = (
				919C57F12988321800FBD5EE /* ConditionsUITests.swift */,
				919C57F32988321800FBD5EE /* ConditionsUITestsLaunchTests.swift */,
			);
			path = ConditionsUITests;
			sourceTree = "<group>";
		};
/* End PBXGroup section */

/* Begin PBXNativeTarget section */
		919C57CC2988321600FBD5EE /* Conditions */ = {
			isa = PBXNativeTarget;
			buildConfigurationList = 919C57F72988321800FBD5EE /* Build configuration list for PBXNativeTarget "Conditions" */;
			buildPhases = (
				919C57C92988321600FBD5EE /* Sources */,
				919C57CA2988321600FBD5EE /* Frameworks */,
				919C57CB2988321600FBD5EE /* Resources */,
			);
			buildRules = (
			);
			dependencies = (
			);
			name = Conditions;
			productName = Conditions;
			productReference = 919C57CD2988321600FBD5EE /* Conditions.app */;
			productType = "com.apple.product-type.application";
		};
		919C57E22988321800FBD5EE /* ConditionsTests */ = {
			isa = PBXNativeTarget;
			buildConfigurationList = 919C57FA2988321800FBD5EE /* Build configuration list for PBXNativeTarget "ConditionsTests" */;
			buildPhases = (
				919C57DF2988321800FBD5EE /* Sources */,
				919C57E02988321800FBD5EE /* Frameworks */,
				919C57E12988321800FBD5EE /* Resources */,
			);
			buildRules = (
			);
			dependencies = (
				919C57E52988321800FBD5EE /* PBXTargetDependency */,
			);
			name = ConditionsTests;
			productName = ConditionsTests;
			productReference = 919C57E32988321800FBD5EE /* ConditionsTests.xctest */;
			productType = "com.apple.product-type.bundle.unit-test";
		};
		919C57EC2988321800FBD5EE /* ConditionsUITests */ = {
			isa = PBXNativeTarget;
			buildConfigurationList = 919C57FD2988321800FBD5EE /* Build configuration list for PBXNativeTarget "ConditionsUITests" */;
			buildPhases = (
				919C57E92988321800FBD5EE /* Sources */,
				919C57EA2988321800FBD5EE /* Frameworks */,
				919C57EB2988321800FBD5EE /* Resources */,
			);
			buildRules = (
			);
			dependencies = (
				919C57EF2988321800FBD5EE /* PBXTargetDependency */,
			);
			name = ConditionsUITests;
			productName = ConditionsUITests;
			productReference = 919C57ED2988321800FBD5EE /* ConditionsUITests.xctest */;
			productType = "com.apple.product-type.bundle.ui-testing";
		};
/* End PBXNativeTarget section */

/* Begin PBXProject section */
		919C57C52988321600FBD5EE /* Project object */ = {
			isa = PBXProject;
			attributes = {
				BuildIndependentTargetsInParallel = 1;
				LastSwiftUpdateCheck = 1420;
				LastUpgradeCheck = 1420;
				TargetAttributes = {
					919C57CC2988321600FBD5EE = {
						CreatedOnToolsVersion = 14.2;
					};
					919C57E22988321800FBD5EE = {
						CreatedOnToolsVersion = 14.2;
						TestTargetID = 919C57CC2988321600FBD5EE;
					};
					919C57EC2988321800FBD5EE = {
						CreatedOnToolsVersion = 14.2;
						TestTargetID = 919C57CC2988321600FBD5EE;
					};
				};
			};
			buildConfigurationList = 919C57C82988321600FBD5EE /* Build configuration list for PBXProject "Conditions" */;
			compatibilityVersion = "Xcode 14.0";
			developmentRegion = en;
			hasScannedForEncodings = 0;
			knownRegions = (
				en,
				Base,
			);
			mainGroup = 919C57C42988321600FBD5EE;
			productRefGroup = 919C57CE2988321600FBD5EE /* Products */;
			projectDirPath = "";
			projectRoot = "";
			targets = (
				919C57CC2988321600FBD5EE /* Conditions */,
				919C57E22988321800FBD5EE /* ConditionsTests */,
				919C57EC2988321800FBD5EE /* ConditionsUITests */,
			);
		};
/* End PBXProject section */

/* Begin PBXResourcesBuildPhase section */
		919C57CB2988321600FBD5EE /* Resources */ = {
			isa = PBXResourcesBuildPhase;
			buildActionMask = 2147483647;
			files = (
				919C57DD2988321700FBD5EE /* LaunchScreen.storyboard in Resources */,
				919C57DA2988321700FBD5EE /* Assets.xcassets in Resources */,
				919C57D82988321600FBD5EE /* Main.storyboard in Resources */,
			);
			runOnlyForDeploymentPostprocessing = 0;
		};
		919C57E12988321800FBD5EE /* Resources */ = {
			isa = PBXResourcesBuildPhase;
			buildActionMask = 2147483647;
			files = (
			);
			runOnlyForDeploymentPostprocessing = 0;
		};
		919C57EB2988321800FBD5EE /* Resources */ = {
			isa = PBXResourcesBuildPhase;
			buildActionMask = 2147483647;
			files = (
			);
			runOnlyForDeploymentPostprocessing = 0;
		};
/* End PBXResourcesBuildPhase section */

/* Begin PBXSourcesBuildPhase section */
		919C57C92988321600FBD5EE /* Sources */ = {
			isa = PBXSourcesBuildPhase;
			buildActionMask = 2147483647;
			files = (
				919C57D52988321600FBD5EE /* ViewController.swift in Sources */,
				919C57D12988321600FBD5EE /* AppDelegate.swift in Sources */,
				919C57D32988321600FBD5EE /* SceneDelegate.swift in Sources */,
			);
			runOnlyForDeploymentPostprocessing = 0;
		};
		919C57DF2988321800FBD5EE /* Sources */ = {
			isa = PBXSourcesBuildPhase;
			buildActionMask = 2147483647;
			files = (
				919C57E82988321800FBD5EE /* ConditionsTests.swift in Sources */,
			);
			runOnlyForDeploymentPostprocessing = 0;
		};
		919C57E92988321800FBD5EE /* Sources */ = {
			isa = PBXSourcesBuildPhase;
			buildActionMask = 2147483647;
			files = (
				919C57F42988321800FBD5EE /* ConditionsUITestsLaunchTests.swift in Sources */,
				919C57F22988321800FBD5EE /* ConditionsUITests.swift in Sources */,
			);
			runOnlyForDeploymentPostprocessing = 0;
		};
/* End PBXSourcesBuildPhase section */

/* Begin PBXTargetDependency section */
		919C57E52988321800FBD5EE /* PBXTargetDependency */ = {
			isa = PBXTargetDependency;
			target = 919C57CC2988321600FBD5EE /* Conditions */;
			targetProxy = 919C57E42988321800FBD5EE /* PBXContainerItemProxy */;
		};
		919C57EF2988321800FBD5EE /* PBXTargetDependency */ = {
			isa = PBXTargetDependency;
			target = 919C57CC2988321600FBD5EE /* Conditions */;
			targetProxy = 919C57EE2988321800FBD5EE /* PBXContainerItemProxy */;
		};
/* End PBXTargetDependency section */

/* Begin PBXVariantGroup section */
		919C57D62988321600FBD5EE /* Main.storyboard */ = {
			isa = PBXVariantGroup;
			children = (
				919C57D72988321600FBD5EE /* Base */,
			);
			name = Main.storyboard;
			sourceTree = "<group>";
		};
		919C57DB2988321700FBD5EE /* LaunchScreen.storyboard */ = {
			isa = PBXVariantGroup;
			children = (
				919C57DC2988321700FBD5EE /* Base */,
			);
			name = LaunchScreen.storyboard;
			sourceTree = "<group>";
		};
/* End PBXVariantGroup section */

/* Begin XCBuildConfiguration section */
		919C57F52988321800FBD5EE /* Debug */ = {
			isa = XCBuildConfiguration;
			buildSettings = {
				ALWAYS_SEARCH_USER_PATHS = NO;
				CLANG_ANALYZER_NONNULL = YES;
				CLANG_ANALYZER_NUMBER_OBJECT_CONVERSION = YES_AGGRESSIVE;
				CLANG_CXX_LANGUAGE_STANDARD = "gnu++20";
				CLANG_ENABLE_MODULES = YES;
				CLANG_ENABLE_OBJC_ARC = YES;
				CLANG_ENABLE_OBJC_WEAK = YES;
				CLANG_WARN_BLOCK_CAPTURE_AUTORELEASING = YES;
				CLANG_WARN_BOOL_CONVERSION = YES;
				CLANG_WARN_COMMA = YES;
				CLANG_WARN_CONSTANT_CONVERSION = YES;
				CLANG_WARN_DEPRECATED_OBJC_IMPLEMENTATIONS = YES;
				CLANG_WARN_DIRECT_OBJC_ISA_USAGE = YES_ERROR;
				CLANG_WARN_DOCUMENTATION_COMMENTS = YES;
				CLANG_WARN_EMPTY_BODY = YES;
				CLANG_WARN_ENUM_CONVERSION = YES;
				CLANG_WARN_INFINITE_RECURSION = YES;
				CLANG_WARN_INT_CONVERSION = YES;
				CLANG_WARN_NON_LITERAL_NULL_CONVERSION = YES;
				CLANG_WARN_OBJC_IMPLICIT_RETAIN_SELF = YES;
				CLANG_WARN_OBJC_LITERAL_CONVERSION = YES;
				CLANG_WARN_OBJC_ROOT_CLASS = YES_ERROR;
				CLANG_WARN_QUOTED_INCLUDE_IN_FRAMEWORK_HEADER = YES;
				CLANG_WARN_RANGE_LOOP_ANALYSIS = YES;
				CLANG_WARN_STRICT_PROTOTYPES = YES;
				CLANG_WARN_SUSPICIOUS_MOVE = YES;
				CLANG_WARN_UNGUARDED_AVAILABILITY = YES_AGGRESSIVE;
				CLANG_WARN_UNREACHABLE_CODE = YES;
				CLANG_WARN__DUPLICATE_METHOD_MATCH = YES;
				COPY_PHASE_STRIP = NO;
				DEBUG_INFORMATION_FORMAT = dwarf;
				ENABLE_STRICT_OBJC_MSGSEND = YES;
				ENABLE_TESTABILITY = YES;
				GCC_C_LANGUAGE_STANDARD = gnu11;
				GCC_DYNAMIC_NO_PIC = NO;
				GCC_NO_COMMON_BLOCKS = YES;
				GCC_OPTIMIZATION_LEVEL = 0;
				GCC_PREPROCESSOR_DEFINITIONS = (
					"DEBUG=1",
					"$(inherited)",
				);
				GCC_WARN_64_TO_32_BIT_CONVERSION = YES;
				GCC_WARN_ABOUT_RETURN_TYPE = YES_ERROR;
				GCC_WARN_UNDECLARED_SELECTOR = YES;
				GCC_WARN_UNINITIALIZED_AUTOS = YES_AGGRESSIVE;
				GCC_WARN_UNUSED_FUNCTION = YES;
				GCC_WARN_UNUSED_VARIABLE = YES;
				IPHONEOS_DEPLOYMENT_TARGET = 16.2;
				MTL_ENABLE_DEBUG_INFO = INCLUDE_SOURCE;
				MTL_FAST_MATH = YES;
				ONLY_ACTIVE_ARCH = YES;
				SDKROOT = iphoneos;
				SWIFT_ACTIVE_COMPILATION_CONDITIONS = DEBUG;
				SWIFT_OPTIMIZATION_LEVEL = "-Onone";
			};
			name = Debug;
		};
		919C57F62988321800FBD5EE /* Release */ = {
			isa = XCBuildConfiguration;
			buildSettings = {
				ALWAYS_SEARCH_USER_PATHS = NO;
				CLANG_ANALYZER_NONNULL = YES;
				CLANG_ANALYZER_NUMBER_OBJECT_CONVERSION = YES_AGGRESSIVE;
				CLANG_CXX_LANGUAGE_STANDARD = "gnu++20";
				CLANG_ENABLE_MODULES = YES;
				CLANG_ENABLE_OBJC_ARC = YES;
				CLANG_ENABLE_OBJC_WEAK = YES;
				CLANG_WARN_BLOCK_CAPTURE_AUTORELEASING = YES;
				CLANG_WARN_BOOL_CONVERSION = YES;
				CLANG_WARN_COMMA = YES;
				CLANG_WARN_CONSTANT_CONVERSION = YES;
				CLANG_WARN_DEPRECATED_OBJC_IMPLEMENTATIONS = YES;
				CLANG_WARN_DIRECT_OBJC_ISA_USAGE = YES_ERROR;
				CLANG_WARN_DOCUMENTATION_COMMENTS = YES;
				CLANG_WARN_EMPTY_BODY = YES;
				CLANG_WARN_ENUM_CONVERSION = YES;
				CLANG_WARN_INFINITE_RECURSION = YES;
				CLANG_WARN_INT_CONVERSION = YES;
				CLANG_WARN_NON_LITERAL_NULL_CONVERSION = YES;
				CLANG_WARN_OBJC_IMPLICIT_RETAIN_SELF = YES;
				CLANG_WARN_OBJC_LITERAL_CONVERSION = YES;
				CLANG_WARN_OBJC_ROOT_CLASS = YES_ERROR;
				CLANG_WARN_QUOTED_INCLUDE_IN_FRAMEWORK_HEADER = YES;
				CLANG_WARN_RANGE_LOOP_ANALYSIS = YES;
				CLANG_WARN_STRICT_PROTOTYPES = YES;
				CLANG_WARN_SUSPICIOUS_MOVE = YES;
				CLANG_WARN_UNGUARDED_AVAILABILITY = YES_AGGRESSIVE;
				CLANG_WARN_UNREACHABLE_CODE = YES;
				CLANG_WARN__DUPLICATE_METHOD_MATCH = YES;
				COPY_PHASE_STRIP = NO;
				DEBUG_INFORMATION_FORMAT = "dwarf-with-dsym";
				ENABLE_NS_ASSERTIONS = NO;
				ENABLE_STRICT_OBJC_MSGSEND = YES;
				GCC_C_LANGUAGE_STANDARD = gnu11;
				GCC_NO_COMMON_BLOCKS = YES;
				GCC_WARN_64_TO_32_BIT_CONVERSION = YES;
				GCC_WARN_ABOUT_RETURN_TYPE = YES_ERROR;
				GCC_WARN_UNDECLARED_SELECTOR = YES;
				GCC_WARN_UNINITIALIZED_AUTOS = YES_AGGRESSIVE;
				GCC_WARN_UNUSED_FUNCTION = YES;
				GCC_WARN_UNUSED_VARIABLE = YES;
				IPHONEOS_DEPLOYMENT_TARGET = 16.2;
				MTL_ENABLE_DEBUG_INFO = NO;
				MTL_FAST_MATH = YES;
				SDKROOT = iphoneos;
				SWIFT_COMPILATION_MODE = wholemodule;
				SWIFT_OPTIMIZATION_LEVEL = "-O";
				VALIDATE_PRODUCT = YES;
			};
			name = Release;
		};
		919C57F82988321800FBD5EE /* Debug */ = {
			isa = XCBuildConfiguration;
			buildSettings = {
				ASSETCATALOG_COMPILER_APPICON_NAME = AppIcon;
				ASSETCATALOG_COMPILER_GLOBAL_ACCENT_COLOR_NAME = AccentColor;
				CODE_SIGN_STYLE = Automatic;
				CURRENT_PROJECT_VERSION = 1;
				DEVELOPMENT_TEAM = 86XJL2HGN2;
				GENERATE_INFOPLIST_FILE = YES;
				INFOPLIST_FILE = Conditions/Info.plist;
				INFOPLIST_KEY_UIApplicationSupportsIndirectInputEvents = YES;
				INFOPLIST_KEY_UILaunchStoryboardName = LaunchScreen;
				INFOPLIST_KEY_UIMainStoryboardFile = Main;
				INFOPLIST_KEY_UISupportedInterfaceOrientations_iPad = "UIInterfaceOrientationPortrait UIInterfaceOrientationPortraitUpsideDown UIInterfaceOrientationLandscapeLeft UIInterfaceOrientationLandscapeRight";
				INFOPLIST_KEY_UISupportedInterfaceOrientations_iPhone = "UIInterfaceOrientationPortrait UIInterfaceOrientationLandscapeLeft UIInterfaceOrientationLandscapeRight";
				LD_RUNPATH_SEARCH_PATHS = (
					"$(inherited)",
					"@executable_path/Frameworks",
				);
				MARKETING_VERSION = 1.0;
				PRODUCT_BUNDLE_IDENTIFIER = bhibhj.Conditions;
				PRODUCT_NAME = "$(TARGET_NAME)";
				SWIFT_EMIT_LOC_STRINGS = YES;
				SWIFT_VERSION = 5.0;
				TARGETED_DEVICE_FAMILY = "1,2";
			};
			name = Debug;
		};
		919C57F92988321800FBD5EE /* Release */ = {
			isa = XCBuildConfiguration;
			buildSettings = {
				ASSETCATALOG_COMPILER_APPICON_NAME = AppIcon;
				ASSETCATALOG_COMPILER_GLOBAL_ACCENT_COLOR_NAME = AccentColor;
				CODE_SIGN_STYLE = Automatic;
				CURRENT_PROJECT_VERSION = 1;
				DEVELOPMENT_TEAM = 86XJL2HGN2;
				GENERATE_INFOPLIST_FILE = YES;
				INFOPLIST_FILE = Conditions/Info.plist;
				INFOPLIST_KEY_UIApplicationSupportsIndirectInputEvents = YES;
				INFOPLIST_KEY_UILaunchStoryboardName = LaunchScreen;
				INFOPLIST_KEY_UIMainStoryboardFile = Main;
				INFOPLIST_KEY_UISupportedInterfaceOrientations_iPad = "UIInterfaceOrientationPortrait UIInterfaceOrientationPortraitUpsideDown UIInterfaceOrientationLandscapeLeft UIInterfaceOrientationLandscapeRight";
				INFOPLIST_KEY_UISupportedInterfaceOrientations_iPhone = "UIInterfaceOrientationPortrait UIInterfaceOrientationLandscapeLeft UIInterfaceOrientationLandscapeRight";
				LD_RUNPATH_SEARCH_PATHS = (
					"$(inherited)",
					"@executable_path/Frameworks",
				);
				MARKETING_VERSION = 1.0;
				PRODUCT_BUNDLE_IDENTIFIER = bhibhj.Conditions;
				PRODUCT_NAME = "$(TARGET_NAME)";
				SWIFT_EMIT_LOC_STRINGS = YES;
				SWIFT_VERSION = 5.0;
				TARGETED_DEVICE_FAMILY = "1,2";
			};
			name = Release;
		};
		919C57FB2988321800FBD5EE /* Debug */ = {
			isa = XCBuildConfiguration;
			buildSettings = {
				ALWAYS_EMBED_SWIFT_STANDARD_LIBRARIES = YES;
				BUNDLE_LOADER = "$(TEST_HOST)";
				CODE_SIGN_STYLE = Automatic;
				CURRENT_PROJECT_VERSION = 1;
				DEVELOPMENT_TEAM = 86XJL2HGN2;
				GENERATE_INFOPLIST_FILE = YES;
				IPHONEOS_DEPLOYMENT_TARGET = 16.2;
				MARKETING_VERSION = 1.0;
				PRODUCT_BUNDLE_IDENTIFIER = bhibhj.ConditionsTests;
				PRODUCT_NAME = "$(TARGET_NAME)";
				SWIFT_EMIT_LOC_STRINGS = NO;
				SWIFT_VERSION = 5.0;
				TARGETED_DEVICE_FAMILY = "1,2";
				TEST_HOST = "$(BUILT_PRODUCTS_DIR)/Conditions.app/$(BUNDLE_EXECUTABLE_FOLDER_PATH)/Conditions";
			};
			name = Debug;
		};
		919C57FC2988321800FBD5EE /* Release */ = {
			isa = XCBuildConfiguration;
			buildSettings = {
				ALWAYS_EMBED_SWIFT_STANDARD_LIBRARIES = YES;
				BUNDLE_LOADER = "$(TEST_HOST)";
				CODE_SIGN_STYLE = Automatic;
				CURRENT_PROJECT_VERSION = 1;
				DEVELOPMENT_TEAM = 86XJL2HGN2;
				GENERATE_INFOPLIST_FILE = YES;
				IPHONEOS_DEPLOYMENT_TARGET = 16.2;
				MARKETING_VERSION = 1.0;
				PRODUCT_BUNDLE_IDENTIFIER = bhibhj.ConditionsTests;
				PRODUCT_NAME = "$(TARGET_NAME)";
				SWIFT_EMIT_LOC_STRINGS = NO;
				SWIFT_VERSION = 5.0;
				TARGETED_DEVICE_FAMILY = "1,2";
				TEST_HOST = "$(BUILT_PRODUCTS_DIR)/Conditions.app/$(BUNDLE_EXECUTABLE_FOLDER_PATH)/Conditions";
			};
			name = Release;
		};
		919C57FE2988321800FBD5EE /* Debug */ = {
			isa = XCBuildConfiguration;
			buildSettings = {
				ALWAYS_EMBED_SWIFT_STANDARD_LIBRARIES = YES;
				CODE_SIGN_STYLE = Automatic;
				CURRENT_PROJECT_VERSION = 1;
				DEVELOPMENT_TEAM = 86XJL2HGN2;
				GENERATE_INFOPLIST_FILE = YES;
				MARKETING_VERSION = 1.0;
				PRODUCT_BUNDLE_IDENTIFIER = bhibhj.ConditionsUITests;
				PRODUCT_NAME = "$(TARGET_NAME)";
				SWIFT_EMIT_LOC_STRINGS = NO;
				SWIFT_VERSION = 5.0;
				TARGETED_DEVICE_FAMILY = "1,2";
				TEST_TARGET_NAME = Conditions;
			};
			name = Debug;
		};
		919C57FF2988321800FBD5EE /* Release */ = {
			isa = XCBuildConfiguration;
			buildSettings = {
				ALWAYS_EMBED_SWIFT_STANDARD_LIBRARIES = YES;
				CODE_SIGN_STYLE = Automatic;
				CURRENT_PROJECT_VERSION = 1;
				DEVELOPMENT_TEAM = 86XJL2HGN2;
				GENERATE_INFOPLIST_FILE = YES;
				MARKETING_VERSION = 1.0;
				PRODUCT_BUNDLE_IDENTIFIER = bhibhj.ConditionsUITests;
				PRODUCT_NAME = "$(TARGET_NAME)";
				SWIFT_EMIT_LOC_STRINGS = NO;
				SWIFT_VERSION = 5.0;
				TARGETED_DEVICE_FAMILY = "1,2";
				TEST_TARGET_NAME = Conditions;
			};
			name = Release;
		};
/* End XCBuildConfiguration section */

/* Begin XCConfigurationList section */
		919C57C82988321600FBD5EE /* Build configuration list for PBXProject "Conditions" */ = {
			isa = XCConfigurationList;
			buildConfigurations = (
				919C57F52988321800FBD5EE /* Debug */,
				919C57F62988321800FBD5EE /* Release */,
			);
			defaultConfigurationIsVisible = 0;
			defaultConfigurationName = Release;
		};
		919C57F72988321800FBD5EE /* Build configuration list for PBXNativeTarget "Conditions" */ = {
			isa = XCConfigurationList;
			buildConfigurations = (
				919C57F82988321800FBD5EE /* Debug */,
				919C57F92988321800FBD5EE /* Release */,
			);
			defaultConfigurationIsVisible = 0;
			defaultConfigurationName = Release;
		};
		919C57FA2988321800FBD5EE /* Build configuration list for PBXNativeTarget "ConditionsTests" */ = {
			isa = XCConfigurationList;
			buildConfigurations = (
				919C57FB2988321800FBD5EE /* Debug */,
				919C57FC2988321800FBD5EE /* Release */,
			);
			defaultConfigurationIsVisible = 0;
			defaultConfigurationName = Release;
		};
		919C57FD2988321800FBD5EE /* Build configuration list for PBXNativeTarget "ConditionsUITests" */ = {
			isa = XCConfigurationList;
			buildConfigurations = (
				919C57FE2988321800FBD5EE /* Debug */,
				919C57FF2988321800FBD5EE /* Release */,
			);
			defaultConfigurationIsVisible = 0;
			defaultConfigurationName = Release;
		};
/* End XCConfigurationList section */
	};
	rootObject = 919C57C52988321600FBD5EE /* Project object */;
}
